Microsoft Visual Studio Solution File, Format Version 8.00
Project("{FAE04EC0-301F-11D3-BF4B-00C04F79EFBC}") = "PasswdGen", "PasswdGen.csproj", "{E888AE74-D70D-4B1A-845A-16CFA496E1F6}"
	ProjectSection(ProjectDependencies) = postProject
	EndProjectSection
EndProject
Global
	GlobalSection(SolutionConfiguration) = preSolution
		Debug = Debug
		Release = Release
	EndGlobalSection
	GlobalSection(ProjectConfiguration) = postSolution
		{E888AE74-D70D-4B1A-845A-16CFA496E1F6}.Debug.ActiveCfg = Debug|.NET
		{E888AE74-D70D-4B1A-845A-16CFA496E1F6}.Debug.Build.0 = Debug|.NET
		{E888AE74-D70D-4B1A-845A-16CFA496E1F6}.Release.ActiveCfg = Release|.NET
		{E888AE74-D70D-4B1A-845A-16CFA496E1F6}.Release.Build.0 = Release|.NET
	EndGlobalSection
	GlobalSection(ExtensibilityGlobals) = postSolution
	EndGlobalSection
	GlobalSection(ExtensibilityAddIns) = postSolution
	EndGlobalSection
EndGlobal
